{
    "_meta": {
        "hash": {
            "sha256": "397fc94d2d77dd10bf1f3278748b85f03adbe9bceefd5e431124848e60ac62ce"
        },
        "pipfile-spec": 6,
        "requires": {
            "python_version": "3.11"
        },
        "sources": [
            {
                "name": "pypi",
                "url": "https://pypi.org/simple",
                "verify_ssl": true
            }
        ]
    },
    "default": {
        "keras": {
            "hashes": [
                "sha256:35c39534011e909645fb93515452e98e1a0ce23727b55d4918b9c58b2308c15e"
            ],
            "index": "pypi",
            "version": "==2.12.0"
        }
    },
    "develop": {}
}
